{
  "name": "htmlat-cli",
  "version": "0.0.1",
  "lockfileVersion": 2,
  "requires": true,
  "packages": {
    "": {
      "name": "htmlat-cli",
      "version": "0.0.1",
      "license": "MIT",
      "dependencies": {
        "htmlat-nodejs": "file:../htmlat-nodejs"
      },
      "bin": {
        "htmlat": "src/index.js"
      }
    },
    "../htmlat-nodejs": {
      "version": "0.0.1",
      "license": "MIT",
      "dependencies": {
        "htmlat-raw": "file:../htmlat-raw",
        "htmlat-rich": "file:../htmlat-rich",
        "jsdom": "^19.0.0",
        "sanitize-html": "^2.7.0"
      }
    },
    "../htmlat-nodejs/node_modules/@tootallnate/once": {
      "version": "2.0.0",
      "license": "MIT",
      "engines": {
        "node": ">= 10"
      }
    },
    "../htmlat-nodejs/node_modules/abab": {
      "version": "2.0.6",
      "license": "BSD-3-Clause"
    },
    "../htmlat-nodejs/node_modules/acorn": {
      "version": "8.7.0",
      "license": "MIT",
      "bin": {
        "acorn": "bin/acorn"
      },
      "engines": {
        "node": ">=0.4.0"
      }
    },
    "../htmlat-nodejs/node_modules/acorn-globals": {
      "version": "6.0.0",
      "license": "MIT",
      "dependencies": {
        "acorn": "^7.1.1",
        "acorn-walk": "^7.1.1"
      }
    },
    "../htmlat-nodejs/node_modules/acorn-globals/node_modules/acorn": {
      "version": "7.4.1",
      "license": "MIT",
      "bin": {
        "acorn": "bin/acorn"
      },
      "engines": {
        "node": ">=0.4.0"
      }
    },
    "../htmlat-nodejs/node_modules/acorn-walk": {
      "version": "7.2.0",
      "license": "MIT",
      "engines": {
        "node": ">=0.4.0"
      }
    },
    "../htmlat-nodejs/node_modules/agent-base": {
      "version": "6.0.2",
      "license": "MIT",
      "dependencies": {
        "debug": "4"
      },
      "engines": {
        "node": ">= 6.0.0"
      }
    },
    "../htmlat-nodejs/node_modules/asynckit": {
      "version": "0.4.0",
      "license": "MIT"
    },
    "../htmlat-nodejs/node_modules/browser-process-hrtime": {
      "version": "1.0.0",
      "license": "BSD-2-Clause"
    },
    "../htmlat-nodejs/node_modules/combined-stream": {
      "version": "1.0.8",
      "license": "MIT",
      "dependencies": {
        "delayed-stream": "~1.0.0"
      },
      "engines": {
        "node": ">= 0.8"
      }
    },
    "../htmlat-nodejs/node_modules/cssom": {
      "version": "0.5.0",
      "license": "MIT"
    },
    "../htmlat-nodejs/node_modules/cssstyle": {
      "version": "2.3.0",
      "license": "MIT",
      "dependencies": {
        "cssom": "~0.3.6"
      },
      "engines": {
        "node": ">=8"
      }
    },
    "../htmlat-nodejs/node_modules/cssstyle/node_modules/cssom": {
      "version": "0.3.8",
      "license": "MIT"
    },
    "../htmlat-nodejs/node_modules/data-urls": {
      "version": "3.0.1",
      "license": "MIT",
      "dependencies": {
        "abab": "^2.0.3",
        "whatwg-mimetype": "^3.0.0",
        "whatwg-url": "^10.0.0"
      },
      "engines": {
        "node": ">=12"
      }
    },
    "../htmlat-nodejs/node_modules/debug": {
      "version": "4.3.4",
      "license": "MIT",
      "dependencies": {
        "ms": "2.1.2"
      },
      "engines": {
        "node": ">=6.0"
      },
      "peerDependenciesMeta": {
        "supports-color": {
          "optional": true
        }
      }
    },
    "../htmlat-nodejs/node_modules/decimal.js": {
      "version": "10.3.1",
      "license": "MIT"
    },
    "../htmlat-nodejs/node_modules/deep-is": {
      "version": "0.1.4",
      "license": "MIT"
    },
    "../htmlat-nodejs/node_modules/deepmerge": {
      "version": "4.2.2",
      "license": "MIT",
      "engines": {
        "node": ">=0.10.0"
      }
    },
    "../htmlat-nodejs/node_modules/delayed-stream": {
      "version": "1.0.0",
      "license": "MIT",
      "engines": {
        "node": ">=0.4.0"
      }
    },
    "../htmlat-nodejs/node_modules/dom-serializer": {
      "version": "1.4.1",
      "license": "MIT",
      "dependencies": {
        "domelementtype": "^2.0.1",
        "domhandler": "^4.2.0",
        "entities": "^2.0.0"
      },
      "funding": {
        "url": "https://github.com/cheeriojs/dom-serializer?sponsor=1"
      }
    },
    "../htmlat-nodejs/node_modules/domelementtype": {
      "version": "2.3.0",
      "funding": [
        {
          "type": "github",
          "url": "https://github.com/sponsors/fb55"
        }
      ],
      "license": "BSD-2-Clause"
    },
    "../htmlat-nodejs/node_modules/domexception": {
      "version": "4.0.0",
      "license": "MIT",
      "dependencies": {
        "webidl-conversions": "^7.0.0"
      },
      "engines": {
        "node": ">=12"
      }
    },
    "../htmlat-nodejs/node_modules/domhandler": {
      "version": "4.3.1",
      "license": "BSD-2-Clause",
      "dependencies": {
        "domelementtype": "^2.2.0"
      },
      "engines": {
        "node": ">= 4"
      },
      "funding": {
        "url": "https://github.com/fb55/domhandler?sponsor=1"
      }
    },
    "../htmlat-nodejs/node_modules/domutils": {
      "version": "2.8.0",
      "license": "BSD-2-Clause",
      "dependencies": {
        "dom-serializer": "^1.0.1",
        "domelementtype": "^2.2.0",
        "domhandler": "^4.2.0"
      },
      "funding": {
        "url": "https://github.com/fb55/domutils?sponsor=1"
      }
    },
    "../htmlat-nodejs/node_modules/entities": {
      "version": "2.2.0",
      "license": "BSD-2-Clause",
      "funding": {
        "url": "https://github.com/fb55/entities?sponsor=1"
      }
    },
    "../htmlat-nodejs/node_modules/escape-string-regexp": {
      "version": "4.0.0",
      "license": "MIT",
      "engines": {
        "node": ">=10"
      },
      "funding": {
        "url": "https://github.com/sponsors/sindresorhus"
      }
    },
    "../htmlat-nodejs/node_modules/escodegen": {
      "version": "2.0.0",
      "license": "BSD-2-Clause",
      "dependencies": {
        "esprima": "^4.0.1",
        "estraverse": "^5.2.0",
        "esutils": "^2.0.2",
        "optionator": "^0.8.1"
      },
      "bin": {
        "escodegen": "bin/escodegen.js",
        "esgenerate": "bin/esgenerate.js"
      },
      "engines": {
        "node": ">=6.0"
      },
      "optionalDependencies": {
        "source-map": "~0.6.1"
      }
    },
    "../htmlat-nodejs/node_modules/esprima": {
      "version": "4.0.1",
      "license": "BSD-2-Clause",
      "bin": {
        "esparse": "bin/esparse.js",
        "esvalidate": "bin/esvalidate.js"
      },
      "engines": {
        "node": ">=4"
      }
    },
    "../htmlat-nodejs/node_modules/estraverse": {
      "version": "5.3.0",
      "license": "BSD-2-Clause",
      "engines": {
        "node": ">=4.0"
      }
    },
    "../htmlat-nodejs/node_modules/esutils": {
      "version": "2.0.3",
      "license": "BSD-2-Clause",
      "engines": {
        "node": ">=0.10.0"
      }
    },
    "../htmlat-nodejs/node_modules/fast-levenshtein": {
      "version": "2.0.6",
      "license": "MIT"
    },
    "../htmlat-nodejs/node_modules/form-data": {
      "version": "4.0.0",
      "license": "MIT",
      "dependencies": {
        "asynckit": "^0.4.0",
        "combined-stream": "^1.0.8",
        "mime-types": "^2.1.12"
      },
      "engines": {
        "node": ">= 6"
      }
    },
    "../htmlat-nodejs/node_modules/html-encoding-sniffer": {
      "version": "3.0.0",
      "license": "MIT",
      "dependencies": {
        "whatwg-encoding": "^2.0.0"
      },
      "engines": {
        "node": ">=12"
      }
    },
    "../htmlat-nodejs/node_modules/htmlat-raw": {
      "resolved": "../htmlat-raw",
      "link": true
    },
    "../htmlat-nodejs/node_modules/htmlat-rich": {
      "resolved": "../htmlat-rich",
      "link": true
    },
    "../htmlat-nodejs/node_modules/htmlparser2": {
      "version": "6.1.0",
      "funding": [
        "https://github.com/fb55/htmlparser2?sponsor=1",
        {
          "type": "github",
          "url": "https://github.com/sponsors/fb55"
        }
      ],
      "license": "MIT",
      "dependencies": {
        "domelementtype": "^2.0.1",
        "domhandler": "^4.0.0",
        "domutils": "^2.5.2",
        "entities": "^2.0.0"
      }
    },
    "../htmlat-nodejs/node_modules/http-proxy-agent": {
      "version": "5.0.0",
      "license": "MIT",
      "dependencies": {
        "@tootallnate/once": "2",
        "agent-base": "6",
        "debug": "4"
      },
      "engines": {
        "node": ">= 6"
      }
    },
    "../htmlat-nodejs/node_modules/https-proxy-agent": {
      "version": "5.0.1",
      "license": "MIT",
      "dependencies": {
        "agent-base": "6",
        "debug": "4"
      },
      "engines": {
        "node": ">= 6"
      }
    },
    "../htmlat-nodejs/node_modules/iconv-lite": {
      "version": "0.6.3",
      "license": "MIT",
      "dependencies": {
        "safer-buffer": ">= 2.1.2 < 3.0.0"
      },
      "engines": {
        "node": ">=0.10.0"
      }
    },
    "../htmlat-nodejs/node_modules/is-plain-object": {
      "version": "5.0.0",
      "license": "MIT",
      "engines": {
        "node": ">=0.10.0"
      }
    },
    "../htmlat-nodejs/node_modules/is-potential-custom-element-name": {
      "version": "1.0.1",
      "license": "MIT"
    },
    "../htmlat-nodejs/node_modules/jsdom": {
      "version": "19.0.0",
      "license": "MIT",
      "dependencies": {
        "abab": "^2.0.5",
        "acorn": "^8.5.0",
        "acorn-globals": "^6.0.0",
        "cssom": "^0.5.0",
        "cssstyle": "^2.3.0",
        "data-urls": "^3.0.1",
        "decimal.js": "^10.3.1",
        "domexception": "^4.0.0",
        "escodegen": "^2.0.0",
        "form-data": "^4.0.0",
        "html-encoding-sniffer": "^3.0.0",
        "http-proxy-agent": "^5.0.0",
        "https-proxy-agent": "^5.0.0",
        "is-potential-custom-element-name": "^1.0.1",
        "nwsapi": "^2.2.0",
        "parse5": "6.0.1",
        "saxes": "^5.0.1",
        "symbol-tree": "^3.2.4",
        "tough-cookie": "^4.0.0",
        "w3c-hr-time": "^1.0.2",
        "w3c-xmlserializer": "^3.0.0",
        "webidl-conversions": "^7.0.0",
        "whatwg-encoding": "^2.0.0",
        "whatwg-mimetype": "^3.0.0",
        "whatwg-url": "^10.0.0",
        "ws": "^8.2.3",
        "xml-name-validator": "^4.0.0"
      },
      "engines": {
        "node": ">=12"
      },
      "peerDependencies": {
        "canvas": "^2.5.0"
      },
      "peerDependenciesMeta": {
        "canvas": {
          "optional": true
        }
      }
    },
    "../htmlat-nodejs/node_modules/levn": {
      "version": "0.3.0",
      "license": "MIT",
      "dependencies": {
        "prelude-ls": "~1.1.2",
        "type-check": "~0.3.2"
      },
      "engines": {
        "node": ">= 0.8.0"
      }
    },
    "../htmlat-nodejs/node_modules/mime-db": {
      "version": "1.52.0",
      "license": "MIT",
      "engines": {
        "node": ">= 0.6"
      }
    },
    "../htmlat-nodejs/node_modules/mime-types": {
      "version": "2.1.35",
      "license": "MIT",
      "dependencies": {
        "mime-db": "1.52.0"
      },
      "engines": {
        "node": ">= 0.6"
      }
    },
    "../htmlat-nodejs/node_modules/ms": {
      "version": "2.1.2",
      "license": "MIT"
    },
    "../htmlat-nodejs/node_modules/nanoid": {
      "version": "3.3.3",
      "license": "MIT",
      "bin": {
        "nanoid": "bin/nanoid.cjs"
      },
      "engines": {
        "node": "^10 || ^12 || ^13.7 || ^14 || >=15.0.1"
      }
    },
    "../htmlat-nodejs/node_modules/nwsapi": {
      "version": "2.2.0",
      "license": "MIT"
    },
    "../htmlat-nodejs/node_modules/optionator": {
      "version": "0.8.3",
      "license": "MIT",
      "dependencies": {
        "deep-is": "~0.1.3",
        "fast-levenshtein": "~2.0.6",
        "levn": "~0.3.0",
        "prelude-ls": "~1.1.2",
        "type-check": "~0.3.2",
        "word-wrap": "~1.2.3"
      },
      "engines": {
        "node": ">= 0.8.0"
      }
    },
    "../htmlat-nodejs/node_modules/parse-srcset": {
      "version": "1.0.2",
      "license": "MIT"
    },
    "../htmlat-nodejs/node_modules/parse5": {
      "version": "6.0.1",
      "license": "MIT"
    },
    "../htmlat-nodejs/node_modules/picocolors": {
      "version": "1.0.0",
      "license": "ISC"
    },
    "../htmlat-nodejs/node_modules/postcss": {
      "version": "8.4.12",
      "funding": [
        {
          "type": "opencollective",
          "url": "https://opencollective.com/postcss/"
        },
        {
          "type": "tidelift",
          "url": "https://tidelift.com/funding/github/npm/postcss"
        }
      ],
      "license": "MIT",
      "dependencies": {
        "nanoid": "^3.3.1",
        "picocolors": "^1.0.0",
        "source-map-js": "^1.0.2"
      },
      "engines": {
        "node": "^10 || ^12 || >=14"
      }
    },
    "../htmlat-nodejs/node_modules/prelude-ls": {
      "version": "1.1.2",
      "engines": {
        "node": ">= 0.8.0"
      }
    },
    "../htmlat-nodejs/node_modules/psl": {
      "version": "1.8.0",
      "license": "MIT"
    },
    "../htmlat-nodejs/node_modules/punycode": {
      "version": "2.1.1",
      "license": "MIT",
      "engines": {
        "node": ">=6"
      }
    },
    "../htmlat-nodejs/node_modules/safer-buffer": {
      "version": "2.1.2",
      "license": "MIT"
    },
    "../htmlat-nodejs/node_modules/sanitize-html": {
      "version": "2.7.0",
      "license": "MIT",
      "dependencies": {
        "deepmerge": "^4.2.2",
        "escape-string-regexp": "^4.0.0",
        "htmlparser2": "^6.0.0",
        "is-plain-object": "^5.0.0",
        "parse-srcset": "^1.0.2",
        "postcss": "^8.3.11"
      }
    },
    "../htmlat-nodejs/node_modules/saxes": {
      "version": "5.0.1",
      "license": "ISC",
      "dependencies": {
        "xmlchars": "^2.2.0"
      },
      "engines": {
        "node": ">=10"
      }
    },
    "../htmlat-nodejs/node_modules/source-map": {
      "version": "0.6.1",
      "license": "BSD-3-Clause",
      "optional": true,
      "engines": {
        "node": ">=0.10.0"
      }
    },
    "../htmlat-nodejs/node_modules/source-map-js": {
      "version": "1.0.2",
      "license": "BSD-3-Clause",
      "engines": {
        "node": ">=0.10.0"
      }
    },
    "../htmlat-nodejs/node_modules/symbol-tree": {
      "version": "3.2.4",
      "license": "MIT"
    },
    "../htmlat-nodejs/node_modules/tough-cookie": {
      "version": "4.0.0",
      "license": "BSD-3-Clause",
      "dependencies": {
        "psl": "^1.1.33",
        "punycode": "^2.1.1",
        "universalify": "^0.1.2"
      },
      "engines": {
        "node": ">=6"
      }
    },
    "../htmlat-nodejs/node_modules/tr46": {
      "version": "3.0.0",
      "license": "MIT",
      "dependencies": {
        "punycode": "^2.1.1"
      },
      "engines": {
        "node": ">=12"
      }
    },
    "../htmlat-nodejs/node_modules/type-check": {
      "version": "0.3.2",
      "license": "MIT",
      "dependencies": {
        "prelude-ls": "~1.1.2"
      },
      "engines": {
        "node": ">= 0.8.0"
      }
    },
    "../htmlat-nodejs/node_modules/universalify": {
      "version": "0.1.2",
      "license": "MIT",
      "engines": {
        "node": ">= 4.0.0"
      }
    },
    "../htmlat-nodejs/node_modules/w3c-hr-time": {
      "version": "1.0.2",
      "license": "MIT",
      "dependencies": {
        "browser-process-hrtime": "^1.0.0"
      }
    },
    "../htmlat-nodejs/node_modules/w3c-xmlserializer": {
      "version": "3.0.0",
      "license": "MIT",
      "dependencies": {
        "xml-name-validator": "^4.0.0"
      },
      "engines": {
        "node": ">=12"
      }
    },
    "../htmlat-nodejs/node_modules/webidl-conversions": {
      "version": "7.0.0",
      "license": "BSD-2-Clause",
      "engines": {
        "node": ">=12"
      }
    },
    "../htmlat-nodejs/node_modules/whatwg-encoding": {
      "version": "2.0.0",
      "license": "MIT",
      "dependencies": {
        "iconv-lite": "0.6.3"
      },
      "engines": {
        "node": ">=12"
      }
    },
    "../htmlat-nodejs/node_modules/whatwg-mimetype": {
      "version": "3.0.0",
      "license": "MIT",
      "engines": {
        "node": ">=12"
      }
    },
    "../htmlat-nodejs/node_modules/whatwg-url": {
      "version": "10.0.0",
      "license": "MIT",
      "dependencies": {
        "tr46": "^3.0.0",
        "webidl-conversions": "^7.0.0"
      },
      "engines": {
        "node": ">=12"
      }
    },
    "../htmlat-nodejs/node_modules/word-wrap": {
      "version": "1.2.3",
      "license": "MIT",
      "engines": {
        "node": ">=0.10.0"
      }
    },
    "../htmlat-nodejs/node_modules/ws": {
      "version": "8.5.0",
      "license": "MIT",
      "engines": {
        "node": ">=10.0.0"
      },
      "peerDependencies": {
        "bufferutil": "^4.0.1",
        "utf-8-validate": "^5.0.2"
      },
      "peerDependenciesMeta": {
        "bufferutil": {
          "optional": true
        },
        "utf-8-validate": {
          "optional": true
        }
      }
    },
    "../htmlat-nodejs/node_modules/xml-name-validator": {
      "version": "4.0.0",
      "license": "Apache-2.0",
      "engines": {
        "node": ">=12"
      }
    },
    "../htmlat-nodejs/node_modules/xmlchars": {
      "version": "2.2.0",
      "license": "MIT"
    },
    "../htmlat-raw": {
      "version": "0.0.1",
      "license": "MIT",
      "dependencies": {
        "nearley": "^2.20.1",
        "semtext-pairs_proto.2": "file:../semtext-pairs_proto.2"
      }
    },
    "../htmlat-raw/node_modules/commander": {
      "version": "2.20.3",
      "license": "MIT"
    },
    "../htmlat-raw/node_modules/discontinuous-range": {
      "version": "1.0.0",
      "license": "MIT"
    },
    "../htmlat-raw/node_modules/moo": {
      "version": "0.5.1",
      "license": "BSD-3-Clause"
    },
    "../htmlat-raw/node_modules/nearley": {
      "version": "2.20.1",
      "license": "MIT",
      "dependencies": {
        "commander": "^2.19.0",
        "moo": "^0.5.0",
        "railroad-diagrams": "^1.0.0",
        "randexp": "0.4.6"
      },
      "bin": {
        "nearley-railroad": "bin/nearley-railroad.js",
        "nearley-test": "bin/nearley-test.js",
        "nearley-unparse": "bin/nearley-unparse.js",
        "nearleyc": "bin/nearleyc.js"
      },
      "funding": {
        "type": "individual",
        "url": "https://nearley.js.org/#give-to-nearley"
      }
    },
    "../htmlat-raw/node_modules/railroad-diagrams": {
      "version": "1.0.0",
      "license": "CC0-1.0"
    },
    "../htmlat-raw/node_modules/randexp": {
      "version": "0.4.6",
      "license": "MIT",
      "dependencies": {
        "discontinuous-range": "1.0.0",
        "ret": "~0.1.10"
      },
      "engines": {
        "node": ">=0.12"
      }
    },
    "../htmlat-raw/node_modules/ret": {
      "version": "0.1.15",
      "license": "MIT",
      "engines": {
        "node": ">=0.12"
      }
    },
    "../htmlat-raw/node_modules/semtext-pairs_proto.2": {
      "resolved": "../semtext-pairs_proto.2",
      "link": true
    },
    "../htmlat-rich": {
      "version": "0.0.1",
      "license": "MIT",
      "dependencies": {
        "emmet": "^2.3.6",
        "nearley": "^2.20.1",
        "semtext-pairs_proto.2": "file:../semtext-pairs_proto.2"
      }
    },
    "../htmlat-rich/node_modules/@emmetio/abbreviation": {
      "version": "2.2.3",
      "license": "MIT",
      "dependencies": {
        "@emmetio/scanner": "^1.0.0"
      }
    },
    "../htmlat-rich/node_modules/@emmetio/css-abbreviation": {
      "version": "2.1.4",
      "license": "MIT",
      "dependencies": {
        "@emmetio/scanner": "^1.0.0"
      }
    },
    "../htmlat-rich/node_modules/@emmetio/scanner": {
      "version": "1.0.0",
      "license": "MIT"
    },
    "../htmlat-rich/node_modules/commander": {
      "version": "2.20.3",
      "license": "MIT"
    },
    "../htmlat-rich/node_modules/discontinuous-range": {
      "version": "1.0.0",
      "license": "MIT"
    },
    "../htmlat-rich/node_modules/emmet": {
      "version": "2.3.6",
      "license": "MIT",
      "dependencies": {
        "@emmetio/abbreviation": "^2.2.3",
        "@emmetio/css-abbreviation": "^2.1.4"
      }
    },
    "../htmlat-rich/node_modules/moo": {
      "version": "0.5.1",
      "license": "BSD-3-Clause"
    },
    "../htmlat-rich/node_modules/nearley": {
      "version": "2.20.1",
      "license": "MIT",
      "dependencies": {
        "commander": "^2.19.0",
        "moo": "^0.5.0",
        "railroad-diagrams": "^1.0.0",
        "randexp": "0.4.6"
      },
      "bin": {
        "nearley-railroad": "bin/nearley-railroad.js",
        "nearley-test": "bin/nearley-test.js",
        "nearley-unparse": "bin/nearley-unparse.js",
        "nearleyc": "bin/nearleyc.js"
      },
      "funding": {
        "type": "individual",
        "url": "https://nearley.js.org/#give-to-nearley"
      }
    },
    "../htmlat-rich/node_modules/railroad-diagrams": {
      "version": "1.0.0",
      "license": "CC0-1.0"
    },
    "../htmlat-rich/node_modules/randexp": {
      "version": "0.4.6",
      "license": "MIT",
      "dependencies": {
        "discontinuous-range": "1.0.0",
        "ret": "~0.1.10"
      },
      "engines": {
        "node": ">=0.12"
      }
    },
    "../htmlat-rich/node_modules/ret": {
      "version": "0.1.15",
      "license": "MIT",
      "engines": {
        "node": ">=0.12"
      }
    },
    "../htmlat-rich/node_modules/semtext-pairs_proto.2": {
      "resolved": "../semtext-pairs_proto.2",
      "link": true
    },
    "../semtext-pairs_proto.2": {
      "version": "0.0.1",
      "license": "MIT",
      "dependencies": {
        "nearley": "^2.20.1"
      }
    },
    "../semtext-pairs_proto.2/node_modules/commander": {
      "version": "2.20.3",
      "license": "MIT"
    },
    "../semtext-pairs_proto.2/node_modules/discontinuous-range": {
      "version": "1.0.0",
      "license": "MIT"
    },
    "../semtext-pairs_proto.2/node_modules/moo": {
      "version": "0.5.1",
      "license": "BSD-3-Clause"
    },
    "../semtext-pairs_proto.2/node_modules/nearley": {
      "version": "2.20.1",
      "license": "MIT",
      "dependencies": {
        "commander": "^2.19.0",
        "moo": "^0.5.0",
        "railroad-diagrams": "^1.0.0",
        "randexp": "0.4.6"
      },
      "bin": {
        "nearley-railroad": "bin/nearley-railroad.js",
        "nearley-test": "bin/nearley-test.js",
        "nearley-unparse": "bin/nearley-unparse.js",
        "nearleyc": "bin/nearleyc.js"
      },
      "funding": {
        "type": "individual",
        "url": "https://nearley.js.org/#give-to-nearley"
      }
    },
    "../semtext-pairs_proto.2/node_modules/railroad-diagrams": {
      "version": "1.0.0",
      "license": "CC0-1.0"
    },
    "../semtext-pairs_proto.2/node_modules/randexp": {
      "version": "0.4.6",
      "license": "MIT",
      "dependencies": {
        "discontinuous-range": "1.0.0",
        "ret": "~0.1.10"
      },
      "engines": {
        "node": ">=0.12"
      }
    },
    "../semtext-pairs_proto.2/node_modules/ret": {
      "version": "0.1.15",
      "license": "MIT",
      "engines": {
        "node": ">=0.12"
      }
    },
    "node_modules/htmlat-nodejs": {
      "resolved": "../htmlat-nodejs",
      "link": true
    }
  },
  "dependencies": {
    "htmlat-nodejs": {
      "version": "file:../htmlat-nodejs",
      "requires": {
        "htmlat-raw": "file:../htmlat-raw",
        "htmlat-rich": "file:../htmlat-rich",
        "jsdom": "^19.0.0",
        "sanitize-html": "^2.7.0"
      },
      "dependencies": {
        "@tootallnate/once": {
          "version": "2.0.0"
        },
        "abab": {
          "version": "2.0.6"
        },
        "acorn": {
          "version": "8.7.0"
        },
        "acorn-globals": {
          "version": "6.0.0",
          "requires": {
            "acorn": "^7.1.1",
            "acorn-walk": "^7.1.1"
          },
          "dependencies": {
            "acorn": {
              "version": "7.4.1"
            }
          }
        },
        "acorn-walk": {
          "version": "7.2.0"
        },
        "agent-base": {
          "version": "6.0.2",
          "requires": {
            "debug": "4"
          }
        },
        "asynckit": {
          "version": "0.4.0"
        },
        "browser-process-hrtime": {
          "version": "1.0.0"
        },
        "combined-stream": {
          "version": "1.0.8",
          "requires": {
            "delayed-stream": "~1.0.0"
          }
        },
        "cssom": {
          "version": "0.5.0"
        },
        "cssstyle": {
          "version": "2.3.0",
          "requires": {
            "cssom": "~0.3.6"
          },
          "dependencies": {
            "cssom": {
              "version": "0.3.8"
            }
          }
        },
        "data-urls": {
          "version": "3.0.1",
          "requires": {
            "abab": "^2.0.3",
            "whatwg-mimetype": "^3.0.0",
            "whatwg-url": "^10.0.0"
          }
        },
        "debug": {
          "version": "4.3.4",
          "requires": {
            "ms": "2.1.2"
          }
        },
        "decimal.js": {
          "version": "10.3.1"
        },
        "deep-is": {
          "version": "0.1.4"
        },
        "deepmerge": {
          "version": "4.2.2"
        },
        "delayed-stream": {
          "version": "1.0.0"
        },
        "dom-serializer": {
          "version": "1.4.1",
          "requires": {
            "domelementtype": "^2.0.1",
            "domhandler": "^4.2.0",
            "entities": "^2.0.0"
          }
        },
        "domelementtype": {
          "version": "2.3.0"
        },
        "domexception": {
          "version": "4.0.0",
          "requires": {
            "webidl-conversions": "^7.0.0"
          }
        },
        "domhandler": {
          "version": "4.3.1",
          "requires": {
            "domelementtype": "^2.2.0"
          }
        },
        "domutils": {
          "version": "2.8.0",
          "requires": {
            "dom-serializer": "^1.0.1",
            "domelementtype": "^2.2.0",
            "domhandler": "^4.2.0"
          }
        },
        "entities": {
          "version": "2.2.0"
        },
        "escape-string-regexp": {
          "version": "4.0.0"
        },
        "escodegen": {
          "version": "2.0.0",
          "requires": {
            "esprima": "^4.0.1",
            "estraverse": "^5.2.0",
            "esutils": "^2.0.2",
            "optionator": "^0.8.1",
            "source-map": "~0.6.1"
          }
        },
        "esprima": {
          "version": "4.0.1"
        },
        "estraverse": {
          "version": "5.3.0"
        },
        "esutils": {
          "version": "2.0.3"
        },
        "fast-levenshtein": {
          "version": "2.0.6"
        },
        "form-data": {
          "version": "4.0.0",
          "requires": {
            "asynckit": "^0.4.0",
            "combined-stream": "^1.0.8",
            "mime-types": "^2.1.12"
          }
        },
        "html-encoding-sniffer": {
          "version": "3.0.0",
          "requires": {
            "whatwg-encoding": "^2.0.0"
          }
        },
        "htmlat-raw": {
          "version": "file:../htmlat-raw",
          "requires": {
            "nearley": "^2.20.1",
            "semtext-pairs_proto.2": "file:../semtext-pairs_proto.2"
          },
          "dependencies": {
            "commander": {
              "version": "2.20.3"
            },
            "discontinuous-range": {
              "version": "1.0.0"
            },
            "moo": {
              "version": "0.5.1"
            },
            "nearley": {
              "version": "2.20.1",
              "requires": {
                "commander": "^2.19.0",
                "moo": "^0.5.0",
                "railroad-diagrams": "^1.0.0",
                "randexp": "0.4.6"
              }
            },
            "railroad-diagrams": {
              "version": "1.0.0"
            },
            "randexp": {
              "version": "0.4.6",
              "requires": {
                "discontinuous-range": "1.0.0",
                "ret": "~0.1.10"
              }
            },
            "ret": {
              "version": "0.1.15"
            },
            "semtext-pairs_proto.2": {
              "version": "file:../semtext-pairs_proto.2",
              "requires": {
                "nearley": "^2.20.1"
              },
              "dependencies": {
                "commander": {
                  "version": "2.20.3"
                },
                "discontinuous-range": {
                  "version": "1.0.0"
                },
                "moo": {
                  "version": "0.5.1"
                },
                "nearley": {
                  "version": "2.20.1",
                  "requires": {
                    "commander": "^2.19.0",
                    "moo": "^0.5.0",
                    "railroad-diagrams": "^1.0.0",
                    "randexp": "0.4.6"
                  }
                },
                "railroad-diagrams": {
                  "version": "1.0.0"
                },
                "randexp": {
                  "version": "0.4.6",
                  "requires": {
                    "discontinuous-range": "1.0.0",
                    "ret": "~0.1.10"
                  }
                },
                "ret": {
                  "version": "0.1.15"
                }
              }
            }
          }
        },
        "htmlat-rich": {
          "version": "file:../htmlat-rich",
          "requires": {
            "emmet": "^2.3.6",
            "nearley": "^2.20.1",
            "semtext-pairs_proto.2": "file:../semtext-pairs_proto.2"
          },
          "dependencies": {
            "@emmetio/abbreviation": {
              "version": "2.2.3",
              "requires": {
                "@emmetio/scanner": "^1.0.0"
              }
            },
            "@emmetio/css-abbreviation": {
              "version": "2.1.4",
              "requires": {
                "@emmetio/scanner": "^1.0.0"
              }
            },
            "@emmetio/scanner": {
              "version": "1.0.0"
            },
            "commander": {
              "version": "2.20.3"
            },
            "discontinuous-range": {
              "version": "1.0.0"
            },
            "emmet": {
              "version": "2.3.6",
              "requires": {
                "@emmetio/abbreviation": "^2.2.3",
                "@emmetio/css-abbreviation": "^2.1.4"
              }
            },
            "moo": {
              "version": "0.5.1"
            },
            "nearley": {
              "version": "2.20.1",
              "requires": {
                "commander": "^2.19.0",
                "moo": "^0.5.0",
                "railroad-diagrams": "^1.0.0",
                "randexp": "0.4.6"
              }
            },
            "railroad-diagrams": {
              "version": "1.0.0"
            },
            "randexp": {
              "version": "0.4.6",
              "requires": {
                "discontinuous-range": "1.0.0",
                "ret": "~0.1.10"
              }
            },
            "ret": {
              "version": "0.1.15"
            },
            "semtext-pairs_proto.2": {
              "version": "file:../semtext-pairs_proto.2",
              "requires": {
                "nearley": "^2.20.1"
              },
              "dependencies": {
                "commander": {
                  "version": "2.20.3"
                },
                "discontinuous-range": {
                  "version": "1.0.0"
                },
                "moo": {
                  "version": "0.5.1"
                },
                "nearley": {
                  "version": "2.20.1",
                  "requires": {
                    "commander": "^2.19.0",
                    "moo": "^0.5.0",
                    "railroad-diagrams": "^1.0.0",
                    "randexp": "0.4.6"
                  }
                },
                "railroad-diagrams": {
                  "version": "1.0.0"
                },
                "randexp": {
                  "version": "0.4.6",
                  "requires": {
                    "discontinuous-range": "1.0.0",
                    "ret": "~0.1.10"
                  }
                },
                "ret": {
                  "version": "0.1.15"
                }
              }
            }
          }
        },
        "htmlparser2": {
          "version": "6.1.0",
          "requires": {
            "domelementtype": "^2.0.1",
            "domhandler": "^4.0.0",
            "domutils": "^2.5.2",
            "entities": "^2.0.0"
          }
        },
        "http-proxy-agent": {
          "version": "5.0.0",
          "requires": {
            "@tootallnate/once": "2",
            "agent-base": "6",
            "debug": "4"
          }
        },
        "https-proxy-agent": {
          "version": "5.0.1",
          "requires": {
            "agent-base": "6",
            "debug": "4"
          }
        },
        "iconv-lite": {
          "version": "0.6.3",
          "requires": {
            "safer-buffer": ">= 2.1.2 < 3.0.0"
          }
        },
        "is-plain-object": {
          "version": "5.0.0"
        },
        "is-potential-custom-element-name": {
          "version": "1.0.1"
        },
        "jsdom": {
          "version": "19.0.0",
          "requires": {
            "abab": "^2.0.5",
            "acorn": "^8.5.0",
            "acorn-globals": "^6.0.0",
            "cssom": "^0.5.0",
            "cssstyle": "^2.3.0",
            "data-urls": "^3.0.1",
            "decimal.js": "^10.3.1",
            "domexception": "^4.0.0",
            "escodegen": "^2.0.0",
            "form-data": "^4.0.0",
            "html-encoding-sniffer": "^3.0.0",
            "http-proxy-agent": "^5.0.0",
            "https-proxy-agent": "^5.0.0",
            "is-potential-custom-element-name": "^1.0.1",
            "nwsapi": "^2.2.0",
            "parse5": "6.0.1",
            "saxes": "^5.0.1",
            "symbol-tree": "^3.2.4",
            "tough-cookie": "^4.0.0",
            "w3c-hr-time": "^1.0.2",
            "w3c-xmlserializer": "^3.0.0",
            "webidl-conversions": "^7.0.0",
            "whatwg-encoding": "^2.0.0",
            "whatwg-mimetype": "^3.0.0",
            "whatwg-url": "^10.0.0",
            "ws": "^8.2.3",
            "xml-name-validator": "^4.0.0"
          }
        },
        "levn": {
          "version": "0.3.0",
          "requires": {
            "prelude-ls": "~1.1.2",
            "type-check": "~0.3.2"
          }
        },
        "mime-db": {
          "version": "1.52.0"
        },
        "mime-types": {
          "version": "2.1.35",
          "requires": {
            "mime-db": "1.52.0"
          }
        },
        "ms": {
          "version": "2.1.2"
        },
        "nanoid": {
          "version": "3.3.3"
        },
        "nwsapi": {
          "version": "2.2.0"
        },
        "optionator": {
          "version": "0.8.3",
          "requires": {
            "deep-is": "~0.1.3",
            "fast-levenshtein": "~2.0.6",
            "levn": "~0.3.0",
            "prelude-ls": "~1.1.2",
            "type-check": "~0.3.2",
            "word-wrap": "~1.2.3"
          }
        },
        "parse-srcset": {
          "version": "1.0.2"
        },
        "parse5": {
          "version": "6.0.1"
        },
        "picocolors": {
          "version": "1.0.0"
        },
        "postcss": {
          "version": "8.4.12",
          "requires": {
            "nanoid": "^3.3.1",
            "picocolors": "^1.0.0",
            "source-map-js": "^1.0.2"
          }
        },
        "prelude-ls": {
          "version": "1.1.2"
        },
        "psl": {
          "version": "1.8.0"
        },
        "punycode": {
          "version": "2.1.1"
        },
        "safer-buffer": {
          "version": "2.1.2"
        },
        "sanitize-html": {
          "version": "2.7.0",
          "requires": {
            "deepmerge": "^4.2.2",
            "escape-string-regexp": "^4.0.0",
            "htmlparser2": "^6.0.0",
            "is-plain-object": "^5.0.0",
            "parse-srcset": "^1.0.2",
            "postcss": "^8.3.11"
          }
        },
        "saxes": {
          "version": "5.0.1",
          "requires": {
            "xmlchars": "^2.2.0"
          }
        },
        "source-map": {
          "version": "0.6.1",
          "optional": true
        },
        "source-map-js": {
          "version": "1.0.2"
        },
        "symbol-tree": {
          "version": "3.2.4"
        },
        "tough-cookie": {
          "version": "4.0.0",
          "requires": {
            "psl": "^1.1.33",
            "punycode": "^2.1.1",
            "universalify": "^0.1.2"
          }
        },
        "tr46": {
          "version": "3.0.0",
          "requires": {
            "punycode": "^2.1.1"
          }
        },
        "type-check": {
          "version": "0.3.2",
          "requires": {
            "prelude-ls": "~1.1.2"
          }
        },
        "universalify": {
          "version": "0.1.2"
        },
        "w3c-hr-time": {
          "version": "1.0.2",
          "requires": {
            "browser-process-hrtime": "^1.0.0"
          }
        },
        "w3c-xmlserializer": {
          "version": "3.0.0",
          "requires": {
            "xml-name-validator": "^4.0.0"
          }
        },
        "webidl-conversions": {
          "version": "7.0.0"
        },
        "whatwg-encoding": {
          "version": "2.0.0",
          "requires": {
            "iconv-lite": "0.6.3"
          }
        },
        "whatwg-mimetype": {
          "version": "3.0.0"
        },
        "whatwg-url": {
          "version": "10.0.0",
          "requires": {
            "tr46": "^3.0.0",
            "webidl-conversions": "^7.0.0"
          }
        },
        "word-wrap": {
          "version": "1.2.3"
        },
        "ws": {
          "version": "8.5.0",
          "requires": {}
        },
        "xml-name-validator": {
          "version": "4.0.0"
        },
        "xmlchars": {
          "version": "2.2.0"
        }
      }
    }
  }
}
